
Microsoft Visual Studio Solution File, Format Version 12.00
# Visual Studio Version 17
VisualStudioVersion = 17.14.36518.9 d17.14
MinimumVisualStudioVersion = 10.0.40219.1
Project("{FAE04EC0-301F-11D3-BF4B-00C04F79EFBC}") = "API_RESS_WEB_ASPNET", "WebApplication1\API_RESS_WEB_ASPNET.csproj", "{7F5F9AF8-8A31-42BB-A7DD-0ADAEF9A9629}"
EndProject
Global
	GlobalSection(SolutionConfigurationPlatforms) = preSolution
		Debug|Any CPU = Debug|Any CPU
		Release|Any CPU = Release|Any CPU
	EndGlobalSection
	GlobalSection(ProjectConfigurationPlatforms) = postSolution
		{7F5F9AF8-8A31-42BB-A7DD-0ADAEF9A9629}.Debug|Any CPU.ActiveCfg = Debug|Any CPU
		{7F5F9AF8-8A31-42BB-A7DD-0ADAEF9A9629}.Debug|Any CPU.Build.0 = Debug|Any CPU
		{7F5F9AF8-8A31-42BB-A7DD-0ADAEF9A9629}.Release|Any CPU.ActiveCfg = Release|Any CPU
		{7F5F9AF8-8A31-42BB-A7DD-0ADAEF9A9629}.Release|Any CPU.Build.0 = Release|Any CPU
	EndGlobalSection
	GlobalSection(SolutionProperties) = preSolution
		HideSolutionNode = FALSE
	EndGlobalSection
	GlobalSection(ExtensibilityGlobals) = postSolution
		SolutionGuid = {30D12474-40B3-4912-88F2-2F4D67656982}
	EndGlobalSection
EndGlobal
